
Microsoft Visual Studio Solution File, Format Version 12.00
# Visual Studio 2013
VisualStudioVersion = 12.0.21005.1
MinimumVisualStudioVersion = 10.0.40219.1
Project("{FAE04EC0-301F-11D3-BF4B-00C04F79EFBC}") = "PetrofexSystem.Pumps", "PetrofexSystem\PetrofexSystem.Pumps.csproj", "{0CDE52B5-743B-4E80-9058-7E156604C21D}"
	ProjectSection(ProjectDependencies) = postProject
		{0C5B50F9-1C46-492D-A845-AC02B3D41B1C} = {0C5B50F9-1C46-492D-A845-AC02B3D41B1C}
	EndProjectSection
EndProject
Project("{FAE04EC0-301F-11D3-BF4B-00C04F79EFBC}") = "PetrofexSystem.Pumps.UnitTests", "PetrofexSystem.Pumps.UnitTests\PetrofexSystem.Pumps.UnitTests.csproj", "{B3563632-4E8B-439A-B8F8-4A9C553BF00E}"
EndProject
Project("{FAE04EC0-301F-11D3-BF4B-00C04F79EFBC}") = "PetrofexSystem.PricesServer.Client", "PetrofexSystem.PricesServer.Client\PetrofexSystem.PricesServer.Client.csproj", "{9C687D5D-6E6B-4AC5-BF08-CD3B01A9CD10}"
EndProject
Project("{FAE04EC0-301F-11D3-BF4B-00C04F79EFBC}") = "PetrofexSystem.Pumps.TestApp", "PetrofexSystem.Pumps.TestApp\PetrofexSystem.Pumps.TestApp.csproj", "{047B91F2-01D1-4F85-B608-38C383B2F222}"
EndProject
Project("{FAE04EC0-301F-11D3-BF4B-00C04F79EFBC}") = "PetrofexSystem.Common", "PetrofexSystem.Common\PetrofexSystem.Common.csproj", "{018ACE40-F7E6-4C36-A76A-ADC790C1A009}"
EndProject
Project("{FAE04EC0-301F-11D3-BF4B-00C04F79EFBC}") = "PetrofexSystem.Server", "PetrofexSystem.Server\PetrofexSystem.Server.csproj", "{230F1AC3-A1B2-4042-AEAA-88653FD48A0F}"
EndProject
Project("{FAE04EC0-301F-11D3-BF4B-00C04F79EFBC}") = "PetrofexSystem.Server.UnitTests", "PetrofexSystem.Server.UnitTests\PetrofexSystem.Server.UnitTests.csproj", "{D21794C1-C51E-4391-852E-2DF9A4C710A2}"
EndProject
Project("{FAE04EC0-301F-11D3-BF4B-00C04F79EFBC}") = "PetrofexSystem.Server.IntegrationTests", "PetrofexSystem.Server.IntegrationTests\PetrofexSystem.Server.IntegrationTests.csproj", "{3EEFE744-609E-4D23-9C47-4336774CC58D}"
EndProject
Project("{FAE04EC0-301F-11D3-BF4B-00C04F79EFBC}") = "PetrofexSystem.Messaging", "PetrofexSystem.Messaging\PetrofexSystem.Messaging.csproj", "{B460AB33-5FD3-4C95-B000-7BD8D0E1A4ED}"
EndProject
Project("{FAE04EC0-301F-11D3-BF4B-00C04F79EFBC}") = "PetrofexSystem.Messaging.UnitTests", "PetrofexSystem.Messaging.UnitTests\PetrofexSystem.Messaging.UnitTests.csproj", "{039AFC86-8217-422F-9460-9A20CBB46E11}"
EndProject
Project("{FAE04EC0-301F-11D3-BF4B-00C04F79EFBC}") = "PetrofexSystem.Messaging.Wcf", "PetrofexSystem.Messaging.Wcf\PetrofexSystem.Messaging.Wcf.csproj", "{0C5B50F9-1C46-492D-A845-AC02B3D41B1C}"
EndProject
Project("{FAE04EC0-301F-11D3-BF4B-00C04F79EFBC}") = "PetrofexSystem.Messaging.Wcf.TestClient", "PetrofexSystem.Messaging.Wcf.TestClient\PetrofexSystem.Messaging.Wcf.TestClient.csproj", "{084AF3BD-07B4-4173-9C53-C30A2005F1C3}"
	ProjectSection(ProjectDependencies) = postProject
		{0C5B50F9-1C46-492D-A845-AC02B3D41B1C} = {0C5B50F9-1C46-492D-A845-AC02B3D41B1C}
	EndProjectSection
EndProject
Project("{FAE04EC0-301F-11D3-BF4B-00C04F79EFBC}") = "PetrofexSystem.TestServer", "PetrofexSystem.TestServer\PetrofexSystem.TestServer.csproj", "{53DC1978-9FA8-4A8D-A741-74271AC14159}"
EndProject
Project("{FAE04EC0-301F-11D3-BF4B-00C04F79EFBC}") = "PetrofexSystem.Messaging.TestClient", "PetrofexSystem.Messaging.TestClient\PetrofexSystem.Messaging.TestClient.csproj", "{02BF421F-ED06-4418-9C85-C1287EC08BA3}"
EndProject
Global
	GlobalSection(SolutionConfigurationPlatforms) = preSolution
		Debug|Any CPU = Debug|Any CPU
		Release|Any CPU = Release|Any CPU
	EndGlobalSection
	GlobalSection(ProjectConfigurationPlatforms) = postSolution
		{0CDE52B5-743B-4E80-9058-7E156604C21D}.Debug|Any CPU.ActiveCfg = Debug|Any CPU
		{0CDE52B5-743B-4E80-9058-7E156604C21D}.Debug|Any CPU.Build.0 = Debug|Any CPU
		{0CDE52B5-743B-4E80-9058-7E156604C21D}.Release|Any CPU.ActiveCfg = Release|Any CPU
		{0CDE52B5-743B-4E80-9058-7E156604C21D}.Release|Any CPU.Build.0 = Release|Any CPU
		{B3563632-4E8B-439A-B8F8-4A9C553BF00E}.Debug|Any CPU.ActiveCfg = Debug|Any CPU
		{B3563632-4E8B-439A-B8F8-4A9C553BF00E}.Debug|Any CPU.Build.0 = Debug|Any CPU
		{B3563632-4E8B-439A-B8F8-4A9C553BF00E}.Release|Any CPU.ActiveCfg = Release|Any CPU
		{B3563632-4E8B-439A-B8F8-4A9C553BF00E}.Release|Any CPU.Build.0 = Release|Any CPU
		{9C687D5D-6E6B-4AC5-BF08-CD3B01A9CD10}.Debug|Any CPU.ActiveCfg = Debug|Any CPU
		{9C687D5D-6E6B-4AC5-BF08-CD3B01A9CD10}.Debug|Any CPU.Build.0 = Debug|Any CPU
		{9C687D5D-6E6B-4AC5-BF08-CD3B01A9CD10}.Release|Any CPU.ActiveCfg = Release|Any CPU
		{9C687D5D-6E6B-4AC5-BF08-CD3B01A9CD10}.Release|Any CPU.Build.0 = Release|Any CPU
		{047B91F2-01D1-4F85-B608-38C383B2F222}.Debug|Any CPU.ActiveCfg = Debug|Any CPU
		{047B91F2-01D1-4F85-B608-38C383B2F222}.Debug|Any CPU.Build.0 = Debug|Any CPU
		{047B91F2-01D1-4F85-B608-38C383B2F222}.Release|Any CPU.ActiveCfg = Release|Any CPU
		{047B91F2-01D1-4F85-B608-38C383B2F222}.Release|Any CPU.Build.0 = Release|Any CPU
		{018ACE40-F7E6-4C36-A76A-ADC790C1A009}.Debug|Any CPU.ActiveCfg = Debug|Any CPU
		{018ACE40-F7E6-4C36-A76A-ADC790C1A009}.Debug|Any CPU.Build.0 = Debug|Any CPU
		{018ACE40-F7E6-4C36-A76A-ADC790C1A009}.Release|Any CPU.ActiveCfg = Release|Any CPU
		{018ACE40-F7E6-4C36-A76A-ADC790C1A009}.Release|Any CPU.Build.0 = Release|Any CPU
		{230F1AC3-A1B2-4042-AEAA-88653FD48A0F}.Debug|Any CPU.ActiveCfg = Debug|Any CPU
		{230F1AC3-A1B2-4042-AEAA-88653FD48A0F}.Debug|Any CPU.Build.0 = Debug|Any CPU
		{230F1AC3-A1B2-4042-AEAA-88653FD48A0F}.Release|Any CPU.ActiveCfg = Release|Any CPU
		{230F1AC3-A1B2-4042-AEAA-88653FD48A0F}.Release|Any CPU.Build.0 = Release|Any CPU
		{D21794C1-C51E-4391-852E-2DF9A4C710A2}.Debug|Any CPU.ActiveCfg = Debug|Any CPU
		{D21794C1-C51E-4391-852E-2DF9A4C710A2}.Debug|Any CPU.Build.0 = Debug|Any CPU
		{D21794C1-C51E-4391-852E-2DF9A4C710A2}.Release|Any CPU.ActiveCfg = Release|Any CPU
		{D21794C1-C51E-4391-852E-2DF9A4C710A2}.Release|Any CPU.Build.0 = Release|Any CPU
		{3EEFE744-609E-4D23-9C47-4336774CC58D}.Debug|Any CPU.ActiveCfg = Debug|Any CPU
		{3EEFE744-609E-4D23-9C47-4336774CC58D}.Debug|Any CPU.Build.0 = Debug|Any CPU
		{3EEFE744-609E-4D23-9C47-4336774CC58D}.Release|Any CPU.ActiveCfg = Release|Any CPU
		{3EEFE744-609E-4D23-9C47-4336774CC58D}.Release|Any CPU.Build.0 = Release|Any CPU
		{B460AB33-5FD3-4C95-B000-7BD8D0E1A4ED}.Debug|Any CPU.ActiveCfg = Debug|Any CPU
		{B460AB33-5FD3-4C95-B000-7BD8D0E1A4ED}.Debug|Any CPU.Build.0 = Debug|Any CPU
		{B460AB33-5FD3-4C95-B000-7BD8D0E1A4ED}.Release|Any CPU.ActiveCfg = Release|Any CPU
		{B460AB33-5FD3-4C95-B000-7BD8D0E1A4ED}.Release|Any CPU.Build.0 = Release|Any CPU
		{039AFC86-8217-422F-9460-9A20CBB46E11}.Debug|Any CPU.ActiveCfg = Debug|Any CPU
		{039AFC86-8217-422F-9460-9A20CBB46E11}.Debug|Any CPU.Build.0 = Debug|Any CPU
		{039AFC86-8217-422F-9460-9A20CBB46E11}.Release|Any CPU.ActiveCfg = Release|Any CPU
		{039AFC86-8217-422F-9460-9A20CBB46E11}.Release|Any CPU.Build.0 = Release|Any CPU
		{0C5B50F9-1C46-492D-A845-AC02B3D41B1C}.Debug|Any CPU.ActiveCfg = Debug|Any CPU
		{0C5B50F9-1C46-492D-A845-AC02B3D41B1C}.Debug|Any CPU.Build.0 = Debug|Any CPU
		{0C5B50F9-1C46-492D-A845-AC02B3D41B1C}.Release|Any CPU.ActiveCfg = Release|Any CPU
		{0C5B50F9-1C46-492D-A845-AC02B3D41B1C}.Release|Any CPU.Build.0 = Release|Any CPU
		{084AF3BD-07B4-4173-9C53-C30A2005F1C3}.Debug|Any CPU.ActiveCfg = Debug|Any CPU
		{084AF3BD-07B4-4173-9C53-C30A2005F1C3}.Debug|Any CPU.Build.0 = Debug|Any CPU
		{084AF3BD-07B4-4173-9C53-C30A2005F1C3}.Release|Any CPU.ActiveCfg = Release|Any CPU
		{084AF3BD-07B4-4173-9C53-C30A2005F1C3}.Release|Any CPU.Build.0 = Release|Any CPU
		{53DC1978-9FA8-4A8D-A741-74271AC14159}.Debug|Any CPU.ActiveCfg = Debug|Any CPU
		{53DC1978-9FA8-4A8D-A741-74271AC14159}.Debug|Any CPU.Build.0 = Debug|Any CPU
		{53DC1978-9FA8-4A8D-A741-74271AC14159}.Release|Any CPU.ActiveCfg = Release|Any CPU
		{53DC1978-9FA8-4A8D-A741-74271AC14159}.Release|Any CPU.Build.0 = Release|Any CPU
		{02BF421F-ED06-4418-9C85-C1287EC08BA3}.Debug|Any CPU.ActiveCfg = Debug|Any CPU
		{02BF421F-ED06-4418-9C85-C1287EC08BA3}.Debug|Any CPU.Build.0 = Debug|Any CPU
		{02BF421F-ED06-4418-9C85-C1287EC08BA3}.Release|Any CPU.ActiveCfg = Release|Any CPU
		{02BF421F-ED06-4418-9C85-C1287EC08BA3}.Release|Any CPU.Build.0 = Release|Any CPU
	EndGlobalSection
	GlobalSection(SolutionProperties) = preSolution
		HideSolutionNode = FALSE
	EndGlobalSection
EndGlobal
