
Microsoft Visual Studio Solution File, Format Version 12.00
# Visual Studio 2013
VisualStudioVersion = 12.0.21005.1
MinimumVisualStudioVersion = 10.0.40219.1
Project("{FAE04EC0-301F-11D3-BF4B-00C04F79EFBC}") = "PetrofexSystem.Pumps", "PetrofexSystem\PetrofexSystem.Pumps.csproj", "{0CDE52B5-743B-4E80-9058-7E156604C21D}"
EndProject
Project("{FAE04EC0-301F-11D3-BF4B-00C04F79EFBC}") = "PetrofexSystem.Pumps.UnitTests", "PetrofexSystem.Pumps.UnitTests\PetrofexSystem.Pumps.UnitTests.csproj", "{B3563632-4E8B-439A-B8F8-4A9C553BF00E}"
EndProject
Project("{FAE04EC0-301F-11D3-BF4B-00C04F79EFBC}") = "PetrofexSystem.PricesServer.Client", "PetrofexSystem.PricesServer.Client\PetrofexSystem.PricesServer.Client.csproj", "{9C687D5D-6E6B-4AC5-BF08-CD3B01A9CD10}"
EndProject
Project("{FAE04EC0-301F-11D3-BF4B-00C04F79EFBC}") = "PetrofexSystem.Pumps.TestApp", "PetrofexSystem.Pumps.TestApp\PetrofexSystem.Pumps.TestApp.csproj", "{047B91F2-01D1-4F85-B608-38C383B2F222}"
EndProject
Project("{FAE04EC0-301F-11D3-BF4B-00C04F79EFBC}") = "PetrofexSystem.PosTerminals", "PetrofexSystem.PosTerminals\PetrofexSystem.PosTerminals.csproj", "{EEA0C771-22DE-46A0-A2CF-80EB134A73DE}"
EndProject
Project("{FAE04EC0-301F-11D3-BF4B-00C04F79EFBC}") = "PetrofexSystem.PosTerminals.UnitTests", "PetrofexSystem.PosTerminals.UnitTests\PetrofexSystem.PosTerminals.UnitTests.csproj", "{C343EB07-67E8-4DBD-9565-DD4D69431B60}"
EndProject
Global
	GlobalSection(SolutionConfigurationPlatforms) = preSolution
		Debug|Any CPU = Debug|Any CPU
		Release|Any CPU = Release|Any CPU
	EndGlobalSection
	GlobalSection(ProjectConfigurationPlatforms) = postSolution
		{0CDE52B5-743B-4E80-9058-7E156604C21D}.Debug|Any CPU.ActiveCfg = Debug|Any CPU
		{0CDE52B5-743B-4E80-9058-7E156604C21D}.Debug|Any CPU.Build.0 = Debug|Any CPU
		{0CDE52B5-743B-4E80-9058-7E156604C21D}.Release|Any CPU.ActiveCfg = Release|Any CPU
		{0CDE52B5-743B-4E80-9058-7E156604C21D}.Release|Any CPU.Build.0 = Release|Any CPU
		{B3563632-4E8B-439A-B8F8-4A9C553BF00E}.Debug|Any CPU.ActiveCfg = Debug|Any CPU
		{B3563632-4E8B-439A-B8F8-4A9C553BF00E}.Debug|Any CPU.Build.0 = Debug|Any CPU
		{B3563632-4E8B-439A-B8F8-4A9C553BF00E}.Release|Any CPU.ActiveCfg = Release|Any CPU
		{B3563632-4E8B-439A-B8F8-4A9C553BF00E}.Release|Any CPU.Build.0 = Release|Any CPU
		{9C687D5D-6E6B-4AC5-BF08-CD3B01A9CD10}.Debug|Any CPU.ActiveCfg = Debug|Any CPU
		{9C687D5D-6E6B-4AC5-BF08-CD3B01A9CD10}.Debug|Any CPU.Build.0 = Debug|Any CPU
		{9C687D5D-6E6B-4AC5-BF08-CD3B01A9CD10}.Release|Any CPU.ActiveCfg = Release|Any CPU
		{9C687D5D-6E6B-4AC5-BF08-CD3B01A9CD10}.Release|Any CPU.Build.0 = Release|Any CPU
		{047B91F2-01D1-4F85-B608-38C383B2F222}.Debug|Any CPU.ActiveCfg = Debug|Any CPU
		{047B91F2-01D1-4F85-B608-38C383B2F222}.Debug|Any CPU.Build.0 = Debug|Any CPU
		{047B91F2-01D1-4F85-B608-38C383B2F222}.Release|Any CPU.ActiveCfg = Release|Any CPU
		{047B91F2-01D1-4F85-B608-38C383B2F222}.Release|Any CPU.Build.0 = Release|Any CPU
		{EEA0C771-22DE-46A0-A2CF-80EB134A73DE}.Debug|Any CPU.ActiveCfg = Debug|Any CPU
		{EEA0C771-22DE-46A0-A2CF-80EB134A73DE}.Debug|Any CPU.Build.0 = Debug|Any CPU
		{EEA0C771-22DE-46A0-A2CF-80EB134A73DE}.Release|Any CPU.ActiveCfg = Release|Any CPU
		{EEA0C771-22DE-46A0-A2CF-80EB134A73DE}.Release|Any CPU.Build.0 = Release|Any CPU
		{C343EB07-67E8-4DBD-9565-DD4D69431B60}.Debug|Any CPU.ActiveCfg = Debug|Any CPU
		{C343EB07-67E8-4DBD-9565-DD4D69431B60}.Debug|Any CPU.Build.0 = Debug|Any CPU
		{C343EB07-67E8-4DBD-9565-DD4D69431B60}.Release|Any CPU.ActiveCfg = Release|Any CPU
		{C343EB07-67E8-4DBD-9565-DD4D69431B60}.Release|Any CPU.Build.0 = Release|Any CPU
	EndGlobalSection
	GlobalSection(SolutionProperties) = preSolution
		HideSolutionNode = FALSE
	EndGlobalSection
EndGlobal
